<?xml version="1.0" encoding="utf-8"?>
<Project ToolsVersion="4.0" xmlns="http://schemas.microsoft.com/developer/msbuild/2003">
  <ItemGroup>
    <Filter Include="GameObject">
      <UniqueIdentifier>{102a323f-6c54-45fe-bc16-22cc5a3fb774}</UniqueIdentifier>
    </Filter>
    <Filter Include="GameObject\StateMachines">
      <UniqueIdentifier>{c088786b-cacd-4afc-b270-79303f088e60}</UniqueIdentifier>
    </Filter>
    <Filter Include="GameObject\StateMachines\UnitTests">
      <UniqueIdentifier>{db8428a1-f3c1-415c-bac6-9b8a8d3394e6}</UniqueIdentifier>
    </Filter>
    <Filter Include="Resource Files">
      <UniqueIdentifier>{67DA6AB6-F800-4c08-8B7A-83BB121AAD01}</UniqueIdentifier>
      <Extensions>rc;ico;cur;bmp;dlg;rc2;rct;bin;rgs;gif;jpg;jpeg;jpe;resx;tiff;tif;png;wav</Extensions>
    </Filter>
    <Filter Include="Animation">
      <UniqueIdentifier>{dc6d0789-2995-487b-a11c-2226994651e5}</UniqueIdentifier>
    </Filter>
    <Filter Include="Common">
      <UniqueIdentifier>{a1a8ee3b-f919-4552-9a7a-4f6cf8eaafab}</UniqueIdentifier>
    </Filter>
    <Filter Include="GameEngine">
      <UniqueIdentifier>{a370a6f0-c842-4304-ba02-bf2b25191efa}</UniqueIdentifier>
    </Filter>
    <Filter Include="GameEngine\StateMachineLanguage">
      <UniqueIdentifier>{a18ecb75-7438-4605-9d97-0544176499f6}</UniqueIdentifier>
    </Filter>
  </ItemGroup>
  <ItemGroup>
    <ClCompile Include="Source\body.cpp">
      <Filter>GameObject</Filter>
    </ClCompile>
    <ClCompile Include="Source\gameobject.cpp">
      <Filter>GameObject</Filter>
    </ClCompile>
    <ClCompile Include="Source\movement.cpp">
      <Filter>GameObject</Filter>
    </ClCompile>
    <ClCompile Include="Source\agent.cpp">
      <Filter>GameObject\StateMachines</Filter>
    </ClCompile>
    <ClCompile Include="Source\unittest1.cpp">
      <Filter>GameObject\StateMachines\UnitTests</Filter>
    </ClCompile>
    <ClCompile Include="Source\unittest2a.cpp">
      <Filter>GameObject\StateMachines\UnitTests</Filter>
    </ClCompile>
    <ClCompile Include="Source\unittest2b.cpp">
      <Filter>GameObject\StateMachines\UnitTests</Filter>
    </ClCompile>
    <ClCompile Include="Source\unittest2c.cpp">
      <Filter>GameObject\StateMachines\UnitTests</Filter>
    </ClCompile>
    <ClCompile Include="Source\unittest3a.cpp">
      <Filter>GameObject\StateMachines\UnitTests</Filter>
    </ClCompile>
    <ClCompile Include="Source\unittest3b.cpp">
      <Filter>GameObject\StateMachines\UnitTests</Filter>
    </ClCompile>
    <ClCompile Include="Source\unittest4.cpp">
      <Filter>GameObject\StateMachines\UnitTests</Filter>
    </ClCompile>
    <ClCompile Include="Source\unittest5.cpp">
      <Filter>GameObject\StateMachines\UnitTests</Filter>
    </ClCompile>
    <ClCompile Include="Source\unittest6.cpp">
      <Filter>GameObject\StateMachines\UnitTests</Filter>
    </ClCompile>
    <ClCompile Include="Source\AllocHierarchy.cpp">
      <Filter>Animation</Filter>
    </ClCompile>
    <ClCompile Include="Source\AnimationInstance.cpp">
      <Filter>Animation</Filter>
    </ClCompile>
    <ClCompile Include="Source\Tiny.cpp">
      <Filter>Animation</Filter>
    </ClCompile>
    <ClCompile Include="Source\DXUT\DXUT.cpp">
      <Filter>Common</Filter>
    </ClCompile>
    <ClCompile Include="Source\DXUT\DXUTcamera.cpp">
      <Filter>Common</Filter>
    </ClCompile>
    <ClCompile Include="Source\DXUT\DXUTenum.cpp">
      <Filter>Common</Filter>
    </ClCompile>
    <ClCompile Include="Source\DXUT\DXUTgui.cpp">
      <Filter>Common</Filter>
    </ClCompile>
    <ClCompile Include="Source\DXUT\DXUTmisc.cpp">
      <Filter>Common</Filter>
    </ClCompile>
    <ClCompile Include="Source\DXUT\DXUTres.cpp">
      <Filter>Common</Filter>
    </ClCompile>
    <ClCompile Include="Source\DXUT\DXUTsettingsdlg.cpp">
      <Filter>Common</Filter>
    </ClCompile>
    <ClCompile Include="Source\DXUT\SDKmisc.cpp">
      <Filter>Common</Filter>
    </ClCompile>
    <ClCompile Include="Source\DXUT\SDKsound.cpp">
      <Filter>Common</Filter>
    </ClCompile>
    <ClCompile Include="Source\DXUT\SDKwavefile.cpp">
      <Filter>Common</Filter>
    </ClCompile>
    <ClCompile Include="Source\database.cpp">
      <Filter>GameEngine</Filter>
    </ClCompile>
    <ClCompile Include="Source\debugdrawing.cpp">
      <Filter>GameEngine</Filter>
    </ClCompile>
    <ClCompile Include="Source\Map.cpp">
      <Filter>GameEngine</Filter>
    </ClCompile>
    <ClCompile Include="Source\terrain.cpp">
      <Filter>GameEngine</Filter>
    </ClCompile>
    <ClCompile Include="Source\time.cpp">
      <Filter>GameEngine</Filter>
    </ClCompile>
    <ClCompile Include="Source\world.cpp">
      <Filter>GameEngine</Filter>
    </ClCompile>
    <ClCompile Include="Source\debuglog.cpp">
      <Filter>GameEngine\StateMachineLanguage</Filter>
    </ClCompile>
    <ClCompile Include="Source\msg.cpp">
      <Filter>GameEngine\StateMachineLanguage</Filter>
    </ClCompile>
    <ClCompile Include="Source\msgroute.cpp">
      <Filter>GameEngine\StateMachineLanguage</Filter>
    </ClCompile>
    <ClCompile Include="Source\statemch.cpp">
      <Filter>GameEngine\StateMachineLanguage</Filter>
    </ClCompile>
    <ClCompile Include="Source\triggersystem.cpp">
      <Filter>GameEngine\StateMachineLanguage</Filter>
    </ClCompile>
    <ClCompile Include="Source\MultiAnimation.cpp" />
    <ClCompile Include="Source\MultiAnimationLib.cpp" />
    <ClCompile Include="Source\MonteCarlo.cpp" />
  </ItemGroup>
  <ItemGroup>
    <ClInclude Include="Source\body.h">
      <Filter>GameObject</Filter>
    </ClInclude>
    <ClInclude Include="Source\gameobject.h">
      <Filter>GameObject</Filter>
    </ClInclude>
    <ClInclude Include="Source\movement.h">
      <Filter>GameObject</Filter>
    </ClInclude>
    <ClInclude Include="Source\agent.h">
      <Filter>GameObject\StateMachines</Filter>
    </ClInclude>
    <ClInclude Include="Source\unittest1.h">
      <Filter>GameObject\StateMachines\UnitTests</Filter>
    </ClInclude>
    <ClInclude Include="Source\unittest2a.h">
      <Filter>GameObject\StateMachines\UnitTests</Filter>
    </ClInclude>
    <ClInclude Include="Source\unittest2b.h">
      <Filter>GameObject\StateMachines\UnitTests</Filter>
    </ClInclude>
    <ClInclude Include="Source\unittest2c.h">
      <Filter>GameObject\StateMachines\UnitTests</Filter>
    </ClInclude>
    <ClInclude Include="Source\unittest3a.h">
      <Filter>GameObject\StateMachines\UnitTests</Filter>
    </ClInclude>
    <ClInclude Include="Source\unittest3b.h">
      <Filter>GameObject\StateMachines\UnitTests</Filter>
    </ClInclude>
    <ClInclude Include="Source\unittest4.h">
      <Filter>GameObject\StateMachines\UnitTests</Filter>
    </ClInclude>
    <ClInclude Include="Source\unittest5.h">
      <Filter>GameObject\StateMachines\UnitTests</Filter>
    </ClInclude>
    <ClInclude Include="Source\unittest6.h">
      <Filter>GameObject\StateMachines\UnitTests</Filter>
    </ClInclude>
    <ClInclude Include="Source\resource.h">
      <Filter>Resource Files</Filter>
    </ClInclude>
    <ClInclude Include="Source\Tiny.h">
      <Filter>Animation</Filter>
    </ClInclude>
    <ClInclude Include="Source\DXUT\DXUT.h">
      <Filter>Common</Filter>
    </ClInclude>
    <ClInclude Include="Source\DXUT\DXUTcamera.h">
      <Filter>Common</Filter>
    </ClInclude>
    <ClInclude Include="Source\DXUT\DXUTenum.h">
      <Filter>Common</Filter>
    </ClInclude>
    <ClInclude Include="Source\DXUT\DXUTgui.h">
      <Filter>Common</Filter>
    </ClInclude>
    <ClInclude Include="Source\DXUT\DXUTmisc.h">
      <Filter>Common</Filter>
    </ClInclude>
    <ClInclude Include="Source\DXUT\DXUTres.h">
      <Filter>Common</Filter>
    </ClInclude>
    <ClInclude Include="Source\DXUT\DXUTsettingsdlg.h">
      <Filter>Common</Filter>
    </ClInclude>
    <ClInclude Include="Source\DXUT\SDKmisc.h">
      <Filter>Common</Filter>
    </ClInclude>
    <ClInclude Include="Source\DXUT\SDKsound.h">
      <Filter>Common</Filter>
    </ClInclude>
    <ClInclude Include="Source\DXUT\SDKwavefile.h">
      <Filter>Common</Filter>
    </ClInclude>
    <ClInclude Include="Source\database.h">
      <Filter>GameEngine</Filter>
    </ClInclude>
    <ClInclude Include="Source\debugdrawing.h">
      <Filter>GameEngine</Filter>
    </ClInclude>
    <ClInclude Include="Source\global.h">
      <Filter>GameEngine</Filter>
    </ClInclude>
    <ClInclude Include="Source\Map.h">
      <Filter>GameEngine</Filter>
    </ClInclude>
    <ClInclude Include="Source\singleton.h">
      <Filter>GameEngine</Filter>
    </ClInclude>
    <ClInclude Include="Source\terrain.h">
      <Filter>GameEngine</Filter>
    </ClInclude>
    <ClInclude Include="Source\time.h">
      <Filter>GameEngine</Filter>
    </ClInclude>
    <ClInclude Include="Source\world.h">
      <Filter>GameEngine</Filter>
    </ClInclude>
    <ClInclude Include="Source\debuglog.h">
      <Filter>GameEngine\StateMachineLanguage</Filter>
    </ClInclude>
    <ClInclude Include="Source\msg.h">
      <Filter>GameEngine\StateMachineLanguage</Filter>
    </ClInclude>
    <ClInclude Include="Source\msgnames.h">
      <Filter>GameEngine\StateMachineLanguage</Filter>
    </ClInclude>
    <ClInclude Include="Source\msgroute.h">
      <Filter>GameEngine\StateMachineLanguage</Filter>
    </ClInclude>
    <ClInclude Include="Source\statemch.h">
      <Filter>GameEngine\StateMachineLanguage</Filter>
    </ClInclude>
    <ClInclude Include="Source\triggersystem.h">
      <Filter>GameEngine\StateMachineLanguage</Filter>
    </ClInclude>
    <ClInclude Include="Source\MultiAnimation.h" />
    <ClInclude Include="Source\MonteCarlo.h" />
  </ItemGroup>
  <ItemGroup>
    <Image Include="Source\DXUT\directx.ico">
      <Filter>Resource Files</Filter>
    </Image>
  </ItemGroup>
  <ItemGroup>
    <Manifest Include="MultiAnimation.manifest">
      <Filter>Resource Files</Filter>
    </Manifest>
  </ItemGroup>
  <ItemGroup>
    <ResourceCompile Include="MultiAnimation.rc">
      <Filter>Resource Files</Filter>
    </ResourceCompile>
  </ItemGroup>
  <ItemGroup>
    <FxCompile Include="MultiAnimation.fx" />
  </ItemGroup>
</Project>